
Microsoft Visual Studio Solution File, Format Version 12.00
# Visual Studio Version 17
VisualStudioVersion = 17.0.32126.317
MinimumVisualStudioVersion = 10.0.40219.1
Project("{FAE04EC0-301F-11D3-BF4B-00C04F79EFBC}") = "CSharp Overriding", "CSharp Overriding\CSharp Overriding.csproj", "{665D4DCC-80C9-46AA-903B-097263966AA5}"
EndProject
Global
	GlobalSection(SolutionConfigurationPlatforms) = preSolution
		Debug|Any CPU = Debug|Any CPU
		Release|Any CPU = Release|Any CPU
	EndGlobalSection
	GlobalSection(ProjectConfigurationPlatforms) = postSolution
		{665D4DCC-80C9-46AA-903B-097263966AA5}.Debug|Any CPU.ActiveCfg = Debug|Any CPU
		{665D4DCC-80C9-46AA-903B-097263966AA5}.Debug|Any CPU.Build.0 = Debug|Any CPU
		{665D4DCC-80C9-46AA-903B-097263966AA5}.Release|Any CPU.ActiveCfg = Release|Any CPU
		{665D4DCC-80C9-46AA-903B-097263966AA5}.Release|Any CPU.Build.0 = Release|Any CPU
	EndGlobalSection
	GlobalSection(SolutionProperties) = preSolution
		HideSolutionNode = FALSE
	EndGlobalSection
	GlobalSection(ExtensibilityGlobals) = postSolution
		SolutionGuid = {DDF938AB-9033-4C8B-9A80-4478D8FE8A7A}
	EndGlobalSection
EndGlobal
