
Microsoft Visual Studio Solution File, Format Version 12.00
# Visual Studio Version 17
VisualStudioVersion = 17.0.32126.317
MinimumVisualStudioVersion = 10.0.40219.1
Project("{FAE04EC0-301F-11D3-BF4B-00C04F79EFBC}") = "CSharp Inheritance", "CSharp Inheritance\CSharp Inheritance.csproj", "{79F7F29A-CC11-4BC4-925B-664EA82FCEFA}"
EndProject
Global
	GlobalSection(SolutionConfigurationPlatforms) = preSolution
		Debug|Any CPU = Debug|Any CPU
		Release|Any CPU = Release|Any CPU
	EndGlobalSection
	GlobalSection(ProjectConfigurationPlatforms) = postSolution
		{79F7F29A-CC11-4BC4-925B-664EA82FCEFA}.Debug|Any CPU.ActiveCfg = Debug|Any CPU
		{79F7F29A-CC11-4BC4-925B-664EA82FCEFA}.Debug|Any CPU.Build.0 = Debug|Any CPU
		{79F7F29A-CC11-4BC4-925B-664EA82FCEFA}.Release|Any CPU.ActiveCfg = Release|Any CPU
		{79F7F29A-CC11-4BC4-925B-664EA82FCEFA}.Release|Any CPU.Build.0 = Release|Any CPU
	EndGlobalSection
	GlobalSection(SolutionProperties) = preSolution
		HideSolutionNode = FALSE
	EndGlobalSection
	GlobalSection(ExtensibilityGlobals) = postSolution
		SolutionGuid = {F86D1E83-9569-4609-AB5C-4970A43ED8B0}
	EndGlobalSection
EndGlobal
