
Microsoft Visual Studio Solution File, Format Version 12.00
# Visual Studio Version 17
VisualStudioVersion = 17.0.32126.317
MinimumVisualStudioVersion = 10.0.40219.1
Project("{888888A0-9F3D-457C-B088-3A5042F75D52}") = "Phyton Polymorphisme", "Phyton Polymorphisme\Phyton Polymorphisme.pyproj", "{A8A7EB2D-3F38-4C8E-B646-D2F20C9C7102}"
EndProject
Global
	GlobalSection(SolutionConfigurationPlatforms) = preSolution
		Debug|Any CPU = Debug|Any CPU
		Release|Any CPU = Release|Any CPU
	EndGlobalSection
	GlobalSection(ProjectConfigurationPlatforms) = postSolution
		{A8A7EB2D-3F38-4C8E-B646-D2F20C9C7102}.Debug|Any CPU.ActiveCfg = Debug|Any CPU
		{A8A7EB2D-3F38-4C8E-B646-D2F20C9C7102}.Release|Any CPU.ActiveCfg = Release|Any CPU
	EndGlobalSection
	GlobalSection(SolutionProperties) = preSolution
		HideSolutionNode = FALSE
	EndGlobalSection
	GlobalSection(ExtensibilityGlobals) = postSolution
		SolutionGuid = {17638E9F-DEA5-4BF5-AB97-D8AA30188413}
	EndGlobalSection
EndGlobal
